
Microsoft Visual Studio Solution File, Format Version 12.00
# Visual Studio 2012
Project("{00D1A9C2-B5F0-4AF3-8072-F6C62B433612}") = "TalksoftSchema", "Database2\TalksoftSchema.sqlproj", "{23BE02C6-D142-4153-B89C-DEC741A3FEE3}"
EndProject
Project("{159641D6-6404-4A2A-AE62-294DE0FE8301}") = "Talksoft", "Integration Services Project1\Talksoft.dtproj", "{5ED54FE9-A43C-42C3-A738-1C88C51404A4}"
EndProject
Project("{159641D6-6404-4A2A-AE62-294DE0FE8301}") = "Novant", "Integration Services Project2\Novant.dtproj", "{29BA68B5-B251-44E5-9288-EDD1C7C8C9AE}"
EndProject
Global
	GlobalSection(SolutionConfigurationPlatforms) = preSolution
		Debug|Any CPU = Debug|Any CPU
		Development|Any CPU = Development|Any CPU
		Release|Any CPU = Release|Any CPU
	EndGlobalSection
	GlobalSection(ProjectConfigurationPlatforms) = postSolution
		{23BE02C6-D142-4153-B89C-DEC741A3FEE3}.Debug|Any CPU.ActiveCfg = Debug|Any CPU
		{23BE02C6-D142-4153-B89C-DEC741A3FEE3}.Debug|Any CPU.Build.0 = Debug|Any CPU
		{23BE02C6-D142-4153-B89C-DEC741A3FEE3}.Debug|Any CPU.Deploy.0 = Debug|Any CPU
		{23BE02C6-D142-4153-B89C-DEC741A3FEE3}.Development|Any CPU.ActiveCfg = Debug|Any CPU
		{23BE02C6-D142-4153-B89C-DEC741A3FEE3}.Development|Any CPU.Build.0 = Debug|Any CPU
		{23BE02C6-D142-4153-B89C-DEC741A3FEE3}.Development|Any CPU.Deploy.0 = Debug|Any CPU
		{23BE02C6-D142-4153-B89C-DEC741A3FEE3}.Release|Any CPU.ActiveCfg = Release|Any CPU
		{23BE02C6-D142-4153-B89C-DEC741A3FEE3}.Release|Any CPU.Build.0 = Release|Any CPU
		{23BE02C6-D142-4153-B89C-DEC741A3FEE3}.Release|Any CPU.Deploy.0 = Release|Any CPU
		{5ED54FE9-A43C-42C3-A738-1C88C51404A4}.Debug|Any CPU.ActiveCfg = Development
		{5ED54FE9-A43C-42C3-A738-1C88C51404A4}.Debug|Any CPU.Build.0 = Development
		{5ED54FE9-A43C-42C3-A738-1C88C51404A4}.Development|Any CPU.ActiveCfg = Development
		{5ED54FE9-A43C-42C3-A738-1C88C51404A4}.Development|Any CPU.Build.0 = Development
		{5ED54FE9-A43C-42C3-A738-1C88C51404A4}.Release|Any CPU.ActiveCfg = Development
		{5ED54FE9-A43C-42C3-A738-1C88C51404A4}.Release|Any CPU.Build.0 = Development
		{29BA68B5-B251-44E5-9288-EDD1C7C8C9AE}.Debug|Any CPU.ActiveCfg = Development
		{29BA68B5-B251-44E5-9288-EDD1C7C8C9AE}.Debug|Any CPU.Build.0 = Development
		{29BA68B5-B251-44E5-9288-EDD1C7C8C9AE}.Development|Any CPU.ActiveCfg = Development
		{29BA68B5-B251-44E5-9288-EDD1C7C8C9AE}.Development|Any CPU.Build.0 = Development
		{29BA68B5-B251-44E5-9288-EDD1C7C8C9AE}.Release|Any CPU.ActiveCfg = Development
		{29BA68B5-B251-44E5-9288-EDD1C7C8C9AE}.Release|Any CPU.Build.0 = Development
	EndGlobalSection
	GlobalSection(SolutionProperties) = preSolution
		HideSolutionNode = FALSE
	EndGlobalSection
EndGlobal
